lockVersion: 2.0.0
id: ac96fecc-1f12-4d58-a720-a30e7b768192
management:
  docChecksum: 7f8941f6def568cab47a6897827bc769
  docVersion: 0.1.0
  speakeasyVersion: internal
  generationVersion: 2.258.2
  releaseVersion: 0.4.1
  configChecksum: 4d0269f70b6b535127735cad93a48ce6
  repoURL: https://github.com/speakeasy-sdks/Perceivity-sample-sdk.git
  repoSubDirectory: .
  installationURL: https://github.com/speakeasy-sdks/Perceivity-sample-sdk.git
features:
  python:
    core: 4.4.6
    globalServerURLs: 2.82.1
generatedFiles:
  - src/aesop_api/sdkconfiguration.py
  - src/aesop_api/sdk.py
  - pylintrc
  - setup.py
  - src/aesop_api/__init__.py
  - src/aesop_api/utils/__init__.py
  - src/aesop_api/utils/retries.py
  - src/aesop_api/utils/utils.py
  - src/aesop_api/models/errors/sdkerror.py
  - tests/helpers.py
  - src/aesop_api/models/operations/games_api_create_game.py
  - src/aesop_api/models/operations/games_api_list_games.py
  - src/aesop_api/models/operations/stories_api_list_stories.py
  - src/aesop_api/models/components/gameschema.py
  - src/aesop_api/models/components/gameschemain.py
  - src/aesop_api/models/components/storyschema.py
  - src/aesop_api/models/__init__.py
  - src/aesop_api/models/errors/__init__.py
  - src/aesop_api/models/operations/__init__.py
  - src/aesop_api/models/components/__init__.py
  - docs/models/operations/gamesapicreategameresponse.md
  - docs/models/operations/gamesapilistgamesresponse.md
  - docs/models/operations/storiesapiliststoriesresponse.md
  - docs/models/components/gameschema.md
  - docs/models/components/gameschemain.md
  - docs/models/components/storyschema.md
  - docs/sdks/aesopapi/README.md
  - USAGE.md
  - .gitattributes
